
Microsoft Visual Studio Solution File, Format Version 12.00
# Visual Studio Version 16
VisualStudioVersion = 16.0.31911.196
MinimumVisualStudioVersion = 10.0.40219.1
Project("{FAE04EC0-301F-11D3-BF4B-00C04F79EFBC}") = "animalAvecDatabase", "animalAvecDatabase.csproj", "{1ACA92F9-5FCC-46EC-817B-7F75BF09FA7D}"
EndProject
Global
	GlobalSection(SolutionConfigurationPlatforms) = preSolution
		Debug|Any CPU = Debug|Any CPU
		Release|Any CPU = Release|Any CPU
	EndGlobalSection
	GlobalSection(ProjectConfigurationPlatforms) = postSolution
		{1ACA92F9-5FCC-46EC-817B-7F75BF09FA7D}.Debug|Any CPU.ActiveCfg = Debug|Any CPU
		{1ACA92F9-5FCC-46EC-817B-7F75BF09FA7D}.Debug|Any CPU.Build.0 = Debug|Any CPU
		{1ACA92F9-5FCC-46EC-817B-7F75BF09FA7D}.Release|Any CPU.ActiveCfg = Release|Any CPU
		{1ACA92F9-5FCC-46EC-817B-7F75BF09FA7D}.Release|Any CPU.Build.0 = Release|Any CPU
	EndGlobalSection
	GlobalSection(SolutionProperties) = preSolution
		HideSolutionNode = FALSE
	EndGlobalSection
	GlobalSection(ExtensibilityGlobals) = postSolution
		SolutionGuid = {81D1D978-9E9C-4DE9-88D3-C57FCB43798C}
	EndGlobalSection
EndGlobal
